// !$*UTF8*$!
{
	archiveVersion = 1;
	classes = {
	};
	objectVersion = 46;
	objects = {

/* Begin PBXBuildFile section */
		91A6B21F1E6C707900CFB3CB /* main.cpp in Sources */ = {isa = PBXBuildFile; fileRef = 91A6B21E1E6C707900CFB3CB /* main.cpp */; };
/* End PBXBuildFile section */

/* Begin PBXCopyFilesBuildPhase section */
		91A6B2191E6C707800CFB3CB /* CopyFiles */ = {
			isa = PBXCopyFilesBuildPhase;
			buildActionMask = 2147483647;
			dstPath = /usr/share/man/man1/;
			dstSubfolderSpec = 0;
			files = (
			);
			runOnlyForDeploymentPostprocessing = 1;
		};
/* End PBXCopyFilesBuildPhase section */

/* Begin PBXFileReference section */
		91A6B21B1E6C707800CFB3CB /* Expert3Samsung */ = {isa = PBXFileReference; explicitFileType = "compiled.mach-o.executable"; includeInIndex = 0; path = Expert3Samsung; sourceTree = BUILT_PRODUCTS_DIR; };
		91A6B21E1E6C707900CFB3CB /* main.cpp */ = {isa = PBXFileReference; lastKnownFileType = sourcecode.cpp.cpp; path = main.cpp; sourceTree = "<group>"; };
/* End PBXFileReference section */

/* Begin PBXFrameworksBuildPhase section */
		91A6B2181E6C707800CFB3CB /* Frameworks */ = {
			isa = PBXFrameworksBuildPhase;
			buildActionMask = 2147483647;
			files = (
			);
			runOnlyForDeploymentPostprocessing = 0;
		};
/* End PBXFrameworksBuildPhase section */

/* Begin PBXGroup section */
		91A6B2121E6C707800CFB3CB = {
			isa = PBXGroup;
			children = (
				91A6B21D1E6C707800CFB3CB /* Expert3Samsung */,
				91A6B21C1E6C707800CFB3CB /* Products */,
			);
			sourceTree = "<group>";
		};
		91A6B21C1E6C707800CFB3CB /* Products */ = {
			isa = PBXGroup;
			children = (
				91A6B21B1E6C707800CFB3CB /* Expert3Samsung */,
			);
			name = Products;
			sourceTree = "<group>";
		};
		91A6B21D1E6C707800CFB3CB /* Expert3Samsung */ = {
			isa = PBXGroup;
			children = (
				91A6B21E1E6C707900CFB3CB /* main.cpp */,
			);
			path = Expert3Samsung;
			sourceTree = "<group>";
		};
/* End PBXGroup section */

/* Begin PBXNativeTarget section */
		91A6B21A1E6C707800CFB3CB /* Expert3Samsung */ = {
			isa = PBXNativeTarget;
			buildConfigurationList = 91A6B2221E6C707900CFB3CB /* Build configuration list for PBXNativeTarget "Expert3Samsung" */;
			buildPhases = (
				91A6B2171E6C707800CFB3CB /* Sources */,
				91A6B2181E6C707800CFB3CB /* Frameworks */,
				91A6B2191E6C707800CFB3CB /* CopyFiles */,
			);
			buildRules = (
			);
			dependencies = (
			);
			name = Expert3Samsung;
			productName = Expert3Samsung;
			productReference = 91A6B21B1E6C707800CFB3CB /* Expert3Samsung */;
			productType = "com.apple.product-type.tool";
		};
/* End PBXNativeTarget section */

/* Begin PBXProject section */
		91A6B2131E6C707800CFB3CB /* Project object */ = {
			isa = PBXProject;
			attributes = {
				LastUpgradeCheck = 0630;
				ORGANIZATIONNAME = "Shashank Saurabh";
				TargetAttributes = {
					91A6B21A1E6C707800CFB3CB = {
						CreatedOnToolsVersion = 6.3.2;
					};
				};
			};
			buildConfigurationList = 91A6B2161E6C707800CFB3CB /* Build configuration list for PBXProject "Expert3Samsung" */;
			compatibilityVersion = "Xcode 3.2";
			developmentRegion = English;
			hasScannedForEncodings = 0;
			knownRegions = (
				en,
			);
			mainGroup = 91A6B2121E6C707800CFB3CB;
			productRefGroup = 91A6B21C1E6C707800CFB3CB /* Products */;
			projectDirPath = "";
			projectRoot = "";
			targets = (
				91A6B21A1E6C707800CFB3CB /* Expert3Samsung */,
			);
		};
/* End PBXProject section */

/* Begin PBXSourcesBuildPhase section */
		91A6B2171E6C707800CFB3CB /* Sources */ = {
			isa = PBXSourcesBuildPhase;
			buildActionMask = 2147483647;
			files = (
				91A6B21F1E6C707900CFB3CB /* main.cpp in Sources */,
			);
			runOnlyForDeploymentPostprocessing = 0;
		};
/* End PBXSourcesBuildPhase section */

/* Begin XCBuildConfiguration section */
		91A6B2201E6C707900CFB3CB /* Debug */ = {
			isa = XCBuildConfiguration;
			buildSettings = {
				ALWAYS_SEARCH_USER_PATHS = NO;
				CLANG_CXX_LANGUAGE_STANDARD = "gnu++0x";
				CLANG_CXX_LIBRARY = "libc++";
				CLANG_ENABLE_MODULES = YES;
				CLANG_ENABLE_OBJC_ARC = YES;
				CLANG_WARN_BOOL_CONVERSION = YES;
				CLANG_WARN_CONSTANT_CONVERSION = YES;
				CLANG_WARN_DIRECT_OBJC_ISA_USAGE = YES_ERROR;
				CLANG_WARN_EMPTY_BODY = YES;
				CLANG_WARN_ENUM_CONVERSION = YES;
				CLANG_WARN_INT_CONVERSION = YES;
				CLANG_WARN_OBJC_ROOT_CLASS = YES_ERROR;
				CLANG_WARN_UNREACHABLE_CODE = YES;
				CLANG_WARN__DUPLICATE_METHOD_MATCH = YES;
				COPY_PHASE_STRIP = NO;
				DEBUG_INFORMATION_FORMAT = dwarf;
				ENABLE_STRICT_OBJC_MSGSEND = YES;
				GCC_C_LANGUAGE_STANDARD = gnu99;
				GCC_DYNAMIC_NO_PIC = NO;
				GCC_NO_COMMON_BLOCKS = YES;
				GCC_OPTIMIZATION_LEVEL = 0;
				GCC_PREPROCESSOR_DEFINITIONS = (
					"DEBUG=1",
					"$(inherited)",
				);
				GCC_SYMBOLS_PRIVATE_EXTERN = NO;
				GCC_WARN_64_TO_32_BIT_CONVERSION = YES;
				GCC_WARN_ABOUT_RETURN_TYPE = YES_ERROR;
				GCC_WARN_UNDECLARED_SELECTOR = YES;
				GCC_WARN_UNINITIALIZED_AUTOS = YES_AGGRESSIVE;
				GCC_WARN_UNUSED_FUNCTION = YES;
				GCC_WARN_UNUSED_VARIABLE = YES;
				MACOSX_DEPLOYMENT_TARGET = 10.10;
				MTL_ENABLE_DEBUG_INFO = YES;
				ONLY_ACTIVE_ARCH = YES;
				SDKROOT = macosx;
			};
			name = Debug;
		};
		91A6B2211E6C707900CFB3CB /* Release */ = {
			isa = XCBuildConfiguration;
			buildSettings = {
				ALWAYS_SEARCH_USER_PATHS = NO;
				CLANG_CXX_LANGUAGE_STANDARD = "gnu++0x";
				CLANG_CXX_LIBRARY = "libc++";
				CLANG_ENABLE_MODULES = YES;
				CLANG_ENABLE_OBJC_ARC = YES;
				CLANG_WARN_BOOL_CONVERSION = YES;
				CLANG_WARN_CONSTANT_CONVERSION = YES;
				CLANG_WARN_DIRECT_OBJC_ISA_USAGE = YES_ERROR;
				CLANG_WARN_EMPTY_BODY = YES;
				CLANG_WARN_ENUM_CONVERSION = YES;
				CLANG_WARN_INT_CONVERSION = YES;
				CLANG_WARN_OBJC_ROOT_CLASS = YES_ERROR;
				CLANG_WARN_UNREACHABLE_CODE = YES;
				CLANG_WARN__DUPLICATE_METHOD_MATCH = YES;
				COPY_PHASE_STRIP = NO;
				DEBUG_INFORMATION_FORMAT = "dwarf-with-dsym";
				ENABLE_NS_ASSERTIONS = NO;
				ENABLE_STRICT_OBJC_MSGSEND = YES;
				GCC_C_LANGUAGE_STANDARD = gnu99;
				GCC_NO_COMMON_BLOCKS = YES;
				GCC_WARN_64_TO_32_BIT_CONVERSION = YES;
				GCC_WARN_ABOUT_RETURN_TYPE = YES_ERROR;
				GCC_WARN_UNDECLARED_SELECTOR = YES;
				GCC_WARN_UNINITIALIZED_AUTOS = YES_AGGRESSIVE;
				GCC_WARN_UNUSED_FUNCTION = YES;
				GCC_WARN_UNUSED_VARIABLE = YES;
				MACOSX_DEPLOYMENT_TARGET = 10.10;
				MTL_ENABLE_DEBUG_INFO = NO;
				SDKROOT = macosx;
			};
			name = Release;
		};
		91A6B2231E6C707900CFB3CB /* Debug */ = {
			isa = XCBuildConfiguration;
			buildSettings = {
				PRODUCT_NAME = "$(TARGET_NAME)";
			};
			name = Debug;
		};
		91A6B2241E6C707900CFB3CB /* Release */ = {
			isa = XCBuildConfiguration;
			buildSettings = {
				PRODUCT_NAME = "$(TARGET_NAME)";
			};
			name = Release;
		};
/* End XCBuildConfiguration section */

/* Begin XCConfigurationList section */
		91A6B2161E6C707800CFB3CB /* Build configuration list for PBXProject "Expert3Samsung" */ = {
			isa = XCConfigurationList;
			buildConfigurations = (
				91A6B2201E6C707900CFB3CB /* Debug */,
				91A6B2211E6C707900CFB3CB /* Release */,
			);
			defaultConfigurationIsVisible = 0;
			defaultConfigurationName = Release;
		};
		91A6B2221E6C707900CFB3CB /* Build configuration list for PBXNativeTarget "Expert3Samsung" */ = {
			isa = XCConfigurationList;
			buildConfigurations = (
				91A6B2231E6C707900CFB3CB /* Debug */,
				91A6B2241E6C707900CFB3CB /* Release */,
			);
			defaultConfigurationIsVisible = 0;
		};
/* End XCConfigurationList section */
	};
	rootObject = 91A6B2131E6C707800CFB3CB /* Project object */;
}
