// !$*UTF8*$!
{
	archiveVersion = 1;
	classes = {
	};
	objectVersion = 46;
	objects = {

/* Begin PBXBuildFile section */
		91DBD391204C72D200A1F3D1 /* main.cpp in Sources */ = {isa = PBXBuildFile; fileRef = 91DBD390204C72D200A1F3D1 /* main.cpp */; };
/* End PBXBuildFile section */

/* Begin PBXCopyFilesBuildPhase section */
		91DBD38B204C72D100A1F3D1 /* CopyFiles */ = {
			isa = PBXCopyFilesBuildPhase;
			buildActionMask = 2147483647;
			dstPath = /usr/share/man/man1/;
			dstSubfolderSpec = 0;
			files = (
			);
			runOnlyForDeploymentPostprocessing = 1;
		};
/* End PBXCopyFilesBuildPhase section */

/* Begin PBXFileReference section */
		91DBD38D204C72D100A1F3D1 /* E.Enemy is Weak */ = {isa = PBXFileReference; explicitFileType = "compiled.mach-o.executable"; includeInIndex = 0; path = "E.Enemy is Weak"; sourceTree = BUILT_PRODUCTS_DIR; };
		91DBD390204C72D200A1F3D1 /* main.cpp */ = {isa = PBXFileReference; lastKnownFileType = sourcecode.cpp.cpp; path = main.cpp; sourceTree = "<group>"; };
/* End PBXFileReference section */

/* Begin PBXFrameworksBuildPhase section */
		91DBD38A204C72D100A1F3D1 /* Frameworks */ = {
			isa = PBXFrameworksBuildPhase;
			buildActionMask = 2147483647;
			files = (
			);
			runOnlyForDeploymentPostprocessing = 0;
		};
/* End PBXFrameworksBuildPhase section */

/* Begin PBXGroup section */
		91DBD384204C72D100A1F3D1 = {
			isa = PBXGroup;
			children = (
				91DBD38F204C72D100A1F3D1 /* E.Enemy is Weak */,
				91DBD38E204C72D100A1F3D1 /* Products */,
			);
			sourceTree = "<group>";
		};
		91DBD38E204C72D100A1F3D1 /* Products */ = {
			isa = PBXGroup;
			children = (
				91DBD38D204C72D100A1F3D1 /* E.Enemy is Weak */,
			);
			name = Products;
			sourceTree = "<group>";
		};
		91DBD38F204C72D100A1F3D1 /* E.Enemy is Weak */ = {
			isa = PBXGroup;
			children = (
				91DBD390204C72D200A1F3D1 /* main.cpp */,
			);
			path = "E.Enemy is Weak";
			sourceTree = "<group>";
		};
/* End PBXGroup section */

/* Begin PBXNativeTarget section */
		91DBD38C204C72D100A1F3D1 /* E.Enemy is Weak */ = {
			isa = PBXNativeTarget;
			buildConfigurationList = 91DBD394204C72D200A1F3D1 /* Build configuration list for PBXNativeTarget "E.Enemy is Weak" */;
			buildPhases = (
				91DBD389204C72D100A1F3D1 /* Sources */,
				91DBD38A204C72D100A1F3D1 /* Frameworks */,
				91DBD38B204C72D100A1F3D1 /* CopyFiles */,
			);
			buildRules = (
			);
			dependencies = (
			);
			name = "E.Enemy is Weak";
			productName = "E.Enemy is Weak";
			productReference = 91DBD38D204C72D100A1F3D1 /* E.Enemy is Weak */;
			productType = "com.apple.product-type.tool";
		};
/* End PBXNativeTarget section */

/* Begin PBXProject section */
		91DBD385204C72D100A1F3D1 /* Project object */ = {
			isa = PBXProject;
			attributes = {
				LastUpgradeCheck = 0630;
				ORGANIZATIONNAME = "Shashank Saurabh";
				TargetAttributes = {
					91DBD38C204C72D100A1F3D1 = {
						CreatedOnToolsVersion = 6.3.2;
					};
				};
			};
			buildConfigurationList = 91DBD388204C72D100A1F3D1 /* Build configuration list for PBXProject "E.Enemy is Weak" */;
			compatibilityVersion = "Xcode 3.2";
			developmentRegion = English;
			hasScannedForEncodings = 0;
			knownRegions = (
				en,
			);
			mainGroup = 91DBD384204C72D100A1F3D1;
			productRefGroup = 91DBD38E204C72D100A1F3D1 /* Products */;
			projectDirPath = "";
			projectRoot = "";
			targets = (
				91DBD38C204C72D100A1F3D1 /* E.Enemy is Weak */,
			);
		};
/* End PBXProject section */

/* Begin PBXSourcesBuildPhase section */
		91DBD389204C72D100A1F3D1 /* Sources */ = {
			isa = PBXSourcesBuildPhase;
			buildActionMask = 2147483647;
			files = (
				91DBD391204C72D200A1F3D1 /* main.cpp in Sources */,
			);
			runOnlyForDeploymentPostprocessing = 0;
		};
/* End PBXSourcesBuildPhase section */

/* Begin XCBuildConfiguration section */
		91DBD392204C72D200A1F3D1 /* Debug */ = {
			isa = XCBuildConfiguration;
			buildSettings = {
				ALWAYS_SEARCH_USER_PATHS = NO;
				CLANG_CXX_LANGUAGE_STANDARD = "gnu++0x";
				CLANG_CXX_LIBRARY = "libc++";
				CLANG_ENABLE_MODULES = YES;
				CLANG_ENABLE_OBJC_ARC = YES;
				CLANG_WARN_BOOL_CONVERSION = YES;
				CLANG_WARN_CONSTANT_CONVERSION = YES;
				CLANG_WARN_DIRECT_OBJC_ISA_USAGE = YES_ERROR;
				CLANG_WARN_EMPTY_BODY = YES;
				CLANG_WARN_ENUM_CONVERSION = YES;
				CLANG_WARN_INT_CONVERSION = YES;
				CLANG_WARN_OBJC_ROOT_CLASS = YES_ERROR;
				CLANG_WARN_UNREACHABLE_CODE = YES;
				CLANG_WARN__DUPLICATE_METHOD_MATCH = YES;
				COPY_PHASE_STRIP = NO;
				DEBUG_INFORMATION_FORMAT = dwarf;
				ENABLE_STRICT_OBJC_MSGSEND = YES;
				GCC_C_LANGUAGE_STANDARD = gnu99;
				GCC_DYNAMIC_NO_PIC = NO;
				GCC_NO_COMMON_BLOCKS = YES;
				GCC_OPTIMIZATION_LEVEL = 0;
				GCC_PREPROCESSOR_DEFINITIONS = (
					"DEBUG=1",
					"$(inherited)",
				);
				GCC_SYMBOLS_PRIVATE_EXTERN = NO;
				GCC_WARN_64_TO_32_BIT_CONVERSION = YES;
				GCC_WARN_ABOUT_RETURN_TYPE = YES_ERROR;
				GCC_WARN_UNDECLARED_SELECTOR = YES;
				GCC_WARN_UNINITIALIZED_AUTOS = YES_AGGRESSIVE;
				GCC_WARN_UNUSED_FUNCTION = YES;
				GCC_WARN_UNUSED_VARIABLE = YES;
				MACOSX_DEPLOYMENT_TARGET = 10.10;
				MTL_ENABLE_DEBUG_INFO = YES;
				ONLY_ACTIVE_ARCH = YES;
				SDKROOT = macosx;
			};
			name = Debug;
		};
		91DBD393204C72D200A1F3D1 /* Release */ = {
			isa = XCBuildConfiguration;
			buildSettings = {
				ALWAYS_SEARCH_USER_PATHS = NO;
				CLANG_CXX_LANGUAGE_STANDARD = "gnu++0x";
				CLANG_CXX_LIBRARY = "libc++";
				CLANG_ENABLE_MODULES = YES;
				CLANG_ENABLE_OBJC_ARC = YES;
				CLANG_WARN_BOOL_CONVERSION = YES;
				CLANG_WARN_CONSTANT_CONVERSION = YES;
				CLANG_WARN_DIRECT_OBJC_ISA_USAGE = YES_ERROR;
				CLANG_WARN_EMPTY_BODY = YES;
				CLANG_WARN_ENUM_CONVERSION = YES;
				CLANG_WARN_INT_CONVERSION = YES;
				CLANG_WARN_OBJC_ROOT_CLASS = YES_ERROR;
				CLANG_WARN_UNREACHABLE_CODE = YES;
				CLANG_WARN__DUPLICATE_METHOD_MATCH = YES;
				COPY_PHASE_STRIP = NO;
				DEBUG_INFORMATION_FORMAT = "dwarf-with-dsym";
				ENABLE_NS_ASSERTIONS = NO;
				ENABLE_STRICT_OBJC_MSGSEND = YES;
				GCC_C_LANGUAGE_STANDARD = gnu99;
				GCC_NO_COMMON_BLOCKS = YES;
				GCC_WARN_64_TO_32_BIT_CONVERSION = YES;
				GCC_WARN_ABOUT_RETURN_TYPE = YES_ERROR;
				GCC_WARN_UNDECLARED_SELECTOR = YES;
				GCC_WARN_UNINITIALIZED_AUTOS = YES_AGGRESSIVE;
				GCC_WARN_UNUSED_FUNCTION = YES;
				GCC_WARN_UNUSED_VARIABLE = YES;
				MACOSX_DEPLOYMENT_TARGET = 10.10;
				MTL_ENABLE_DEBUG_INFO = NO;
				SDKROOT = macosx;
			};
			name = Release;
		};
		91DBD395204C72D200A1F3D1 /* Debug */ = {
			isa = XCBuildConfiguration;
			buildSettings = {
				PRODUCT_NAME = "$(TARGET_NAME)";
			};
			name = Debug;
		};
		91DBD396204C72D200A1F3D1 /* Release */ = {
			isa = XCBuildConfiguration;
			buildSettings = {
				PRODUCT_NAME = "$(TARGET_NAME)";
			};
			name = Release;
		};
/* End XCBuildConfiguration section */

/* Begin XCConfigurationList section */
		91DBD388204C72D100A1F3D1 /* Build configuration list for PBXProject "E.Enemy is Weak" */ = {
			isa = XCConfigurationList;
			buildConfigurations = (
				91DBD392204C72D200A1F3D1 /* Debug */,
				91DBD393204C72D200A1F3D1 /* Release */,
			);
			defaultConfigurationIsVisible = 0;
			defaultConfigurationName = Release;
		};
		91DBD394204C72D200A1F3D1 /* Build configuration list for PBXNativeTarget "E.Enemy is Weak" */ = {
			isa = XCConfigurationList;
			buildConfigurations = (
				91DBD395204C72D200A1F3D1 /* Debug */,
				91DBD396204C72D200A1F3D1 /* Release */,
			);
			defaultConfigurationIsVisible = 0;
		};
/* End XCConfigurationList section */
	};
	rootObject = 91DBD385204C72D100A1F3D1 /* Project object */;
}
