// !$*UTF8*$!
{
	archiveVersion = 1;
	classes = {
	};
	objectVersion = 46;
	objects = {

/* Begin PBXBuildFile section */
		91AC8E131A9B4BC100DEA37B /* main.cpp in Sources */ = {isa = PBXBuildFile; fileRef = 91AC8E121A9B4BC100DEA37B /* main.cpp */; };
/* End PBXBuildFile section */

/* Begin PBXCopyFilesBuildPhase section */
		91AC8E0D1A9B4BC100DEA37B /* CopyFiles */ = {
			isa = PBXCopyFilesBuildPhase;
			buildActionMask = 2147483647;
			dstPath = /usr/share/man/man1/;
			dstSubfolderSpec = 0;
			files = (
			);
			runOnlyForDeploymentPostprocessing = 1;
		};
/* End PBXCopyFilesBuildPhase section */

/* Begin PBXFileReference section */
		91AC8E0F1A9B4BC100DEA37B /* Sorting_Word_From_File */ = {isa = PBXFileReference; explicitFileType = "compiled.mach-o.executable"; includeInIndex = 0; path = Sorting_Word_From_File; sourceTree = BUILT_PRODUCTS_DIR; };
		91AC8E121A9B4BC100DEA37B /* main.cpp */ = {isa = PBXFileReference; lastKnownFileType = sourcecode.cpp.cpp; path = main.cpp; sourceTree = "<group>"; };
/* End PBXFileReference section */

/* Begin PBXFrameworksBuildPhase section */
		91AC8E0C1A9B4BC100DEA37B /* Frameworks */ = {
			isa = PBXFrameworksBuildPhase;
			buildActionMask = 2147483647;
			files = (
			);
			runOnlyForDeploymentPostprocessing = 0;
		};
/* End PBXFrameworksBuildPhase section */

/* Begin PBXGroup section */
		91AC8E061A9B4BC100DEA37B = {
			isa = PBXGroup;
			children = (
				91AC8E111A9B4BC100DEA37B /* Sorting_Word_From_File */,
				91AC8E101A9B4BC100DEA37B /* Products */,
			);
			sourceTree = "<group>";
		};
		91AC8E101A9B4BC100DEA37B /* Products */ = {
			isa = PBXGroup;
			children = (
				91AC8E0F1A9B4BC100DEA37B /* Sorting_Word_From_File */,
			);
			name = Products;
			sourceTree = "<group>";
		};
		91AC8E111A9B4BC100DEA37B /* Sorting_Word_From_File */ = {
			isa = PBXGroup;
			children = (
				91AC8E121A9B4BC100DEA37B /* main.cpp */,
			);
			path = Sorting_Word_From_File;
			sourceTree = "<group>";
		};
/* End PBXGroup section */

/* Begin PBXNativeTarget section */
		91AC8E0E1A9B4BC100DEA37B /* Sorting_Word_From_File */ = {
			isa = PBXNativeTarget;
			buildConfigurationList = 91AC8E161A9B4BC100DEA37B /* Build configuration list for PBXNativeTarget "Sorting_Word_From_File" */;
			buildPhases = (
				91AC8E0B1A9B4BC100DEA37B /* Sources */,
				91AC8E0C1A9B4BC100DEA37B /* Frameworks */,
				91AC8E0D1A9B4BC100DEA37B /* CopyFiles */,
			);
			buildRules = (
			);
			dependencies = (
			);
			name = Sorting_Word_From_File;
			productName = Sorting_Word_From_File;
			productReference = 91AC8E0F1A9B4BC100DEA37B /* Sorting_Word_From_File */;
			productType = "com.apple.product-type.tool";
		};
/* End PBXNativeTarget section */

/* Begin PBXProject section */
		91AC8E071A9B4BC100DEA37B /* Project object */ = {
			isa = PBXProject;
			attributes = {
				LastUpgradeCheck = 0610;
				ORGANIZATIONNAME = "Shashank Saurabh";
				TargetAttributes = {
					91AC8E0E1A9B4BC100DEA37B = {
						CreatedOnToolsVersion = 6.1.1;
					};
				};
			};
			buildConfigurationList = 91AC8E0A1A9B4BC100DEA37B /* Build configuration list for PBXProject "Sorting_Word_From_File" */;
			compatibilityVersion = "Xcode 3.2";
			developmentRegion = English;
			hasScannedForEncodings = 0;
			knownRegions = (
				en,
			);
			mainGroup = 91AC8E061A9B4BC100DEA37B;
			productRefGroup = 91AC8E101A9B4BC100DEA37B /* Products */;
			projectDirPath = "";
			projectRoot = "";
			targets = (
				91AC8E0E1A9B4BC100DEA37B /* Sorting_Word_From_File */,
			);
		};
/* End PBXProject section */

/* Begin PBXSourcesBuildPhase section */
		91AC8E0B1A9B4BC100DEA37B /* Sources */ = {
			isa = PBXSourcesBuildPhase;
			buildActionMask = 2147483647;
			files = (
				91AC8E131A9B4BC100DEA37B /* main.cpp in Sources */,
			);
			runOnlyForDeploymentPostprocessing = 0;
		};
/* End PBXSourcesBuildPhase section */

/* Begin XCBuildConfiguration section */
		91AC8E141A9B4BC100DEA37B /* Debug */ = {
			isa = XCBuildConfiguration;
			buildSettings = {
				ALWAYS_SEARCH_USER_PATHS = NO;
				CLANG_CXX_LANGUAGE_STANDARD = "gnu++0x";
				CLANG_CXX_LIBRARY = "libc++";
				CLANG_ENABLE_MODULES = YES;
				CLANG_ENABLE_OBJC_ARC = YES;
				CLANG_WARN_BOOL_CONVERSION = YES;
				CLANG_WARN_CONSTANT_CONVERSION = YES;
				CLANG_WARN_DIRECT_OBJC_ISA_USAGE = YES_ERROR;
				CLANG_WARN_EMPTY_BODY = YES;
				CLANG_WARN_ENUM_CONVERSION = YES;
				CLANG_WARN_INT_CONVERSION = YES;
				CLANG_WARN_OBJC_ROOT_CLASS = YES_ERROR;
				CLANG_WARN_UNREACHABLE_CODE = YES;
				CLANG_WARN__DUPLICATE_METHOD_MATCH = YES;
				COPY_PHASE_STRIP = NO;
				ENABLE_STRICT_OBJC_MSGSEND = YES;
				GCC_C_LANGUAGE_STANDARD = gnu99;
				GCC_DYNAMIC_NO_PIC = NO;
				GCC_OPTIMIZATION_LEVEL = 0;
				GCC_PREPROCESSOR_DEFINITIONS = (
					"DEBUG=1",
					"$(inherited)",
				);
				GCC_SYMBOLS_PRIVATE_EXTERN = NO;
				GCC_WARN_64_TO_32_BIT_CONVERSION = YES;
				GCC_WARN_ABOUT_RETURN_TYPE = YES_ERROR;
				GCC_WARN_UNDECLARED_SELECTOR = YES;
				GCC_WARN_UNINITIALIZED_AUTOS = YES_AGGRESSIVE;
				GCC_WARN_UNUSED_FUNCTION = YES;
				GCC_WARN_UNUSED_VARIABLE = YES;
				MACOSX_DEPLOYMENT_TARGET = 10.10;
				MTL_ENABLE_DEBUG_INFO = YES;
				ONLY_ACTIVE_ARCH = YES;
				SDKROOT = macosx;
			};
			name = Debug;
		};
		91AC8E151A9B4BC100DEA37B /* Release */ = {
			isa = XCBuildConfiguration;
			buildSettings = {
				ALWAYS_SEARCH_USER_PATHS = NO;
				CLANG_CXX_LANGUAGE_STANDARD = "gnu++0x";
				CLANG_CXX_LIBRARY = "libc++";
				CLANG_ENABLE_MODULES = YES;
				CLANG_ENABLE_OBJC_ARC = YES;
				CLANG_WARN_BOOL_CONVERSION = YES;
				CLANG_WARN_CONSTANT_CONVERSION = YES;
				CLANG_WARN_DIRECT_OBJC_ISA_USAGE = YES_ERROR;
				CLANG_WARN_EMPTY_BODY = YES;
				CLANG_WARN_ENUM_CONVERSION = YES;
				CLANG_WARN_INT_CONVERSION = YES;
				CLANG_WARN_OBJC_ROOT_CLASS = YES_ERROR;
				CLANG_WARN_UNREACHABLE_CODE = YES;
				CLANG_WARN__DUPLICATE_METHOD_MATCH = YES;
				COPY_PHASE_STRIP = YES;
				DEBUG_INFORMATION_FORMAT = "dwarf-with-dsym";
				ENABLE_NS_ASSERTIONS = NO;
				ENABLE_STRICT_OBJC_MSGSEND = YES;
				GCC_C_LANGUAGE_STANDARD = gnu99;
				GCC_WARN_64_TO_32_BIT_CONVERSION = YES;
				GCC_WARN_ABOUT_RETURN_TYPE = YES_ERROR;
				GCC_WARN_UNDECLARED_SELECTOR = YES;
				GCC_WARN_UNINITIALIZED_AUTOS = YES_AGGRESSIVE;
				GCC_WARN_UNUSED_FUNCTION = YES;
				GCC_WARN_UNUSED_VARIABLE = YES;
				MACOSX_DEPLOYMENT_TARGET = 10.10;
				MTL_ENABLE_DEBUG_INFO = NO;
				SDKROOT = macosx;
			};
			name = Release;
		};
		91AC8E171A9B4BC100DEA37B /* Debug */ = {
			isa = XCBuildConfiguration;
			buildSettings = {
				PRODUCT_NAME = "$(TARGET_NAME)";
			};
			name = Debug;
		};
		91AC8E181A9B4BC100DEA37B /* Release */ = {
			isa = XCBuildConfiguration;
			buildSettings = {
				PRODUCT_NAME = "$(TARGET_NAME)";
			};
			name = Release;
		};
/* End XCBuildConfiguration section */

/* Begin XCConfigurationList section */
		91AC8E0A1A9B4BC100DEA37B /* Build configuration list for PBXProject "Sorting_Word_From_File" */ = {
			isa = XCConfigurationList;
			buildConfigurations = (
				91AC8E141A9B4BC100DEA37B /* Debug */,
				91AC8E151A9B4BC100DEA37B /* Release */,
			);
			defaultConfigurationIsVisible = 0;
			defaultConfigurationName = Release;
		};
		91AC8E161A9B4BC100DEA37B /* Build configuration list for PBXNativeTarget "Sorting_Word_From_File" */ = {
			isa = XCConfigurationList;
			buildConfigurations = (
				91AC8E171A9B4BC100DEA37B /* Debug */,
				91AC8E181A9B4BC100DEA37B /* Release */,
			);
			defaultConfigurationIsVisible = 0;
		};
/* End XCConfigurationList section */
	};
	rootObject = 91AC8E071A9B4BC100DEA37B /* Project object */;
}
