// !$*UTF8*$!
{
	archiveVersion = 1;
	classes = {
	};
	objectVersion = 46;
	objects = {

/* Begin PBXBuildFile section */
		913A1D141E3DFC8D00D1247E /* main.cpp in Sources */ = {isa = PBXBuildFile; fileRef = 913A1D131E3DFC8D00D1247E /* main.cpp */; };
/* End PBXBuildFile section */

/* Begin PBXCopyFilesBuildPhase section */
		913A1D0E1E3DFC8D00D1247E /* CopyFiles */ = {
			isa = PBXCopyFilesBuildPhase;
			buildActionMask = 2147483647;
			dstPath = /usr/share/man/man1/;
			dstSubfolderSpec = 0;
			files = (
			);
			runOnlyForDeploymentPostprocessing = 1;
		};
/* End PBXCopyFilesBuildPhase section */

/* Begin PBXFileReference section */
		913A1D101E3DFC8D00D1247E /* CodeJamChecking */ = {isa = PBXFileReference; explicitFileType = "compiled.mach-o.executable"; includeInIndex = 0; path = CodeJamChecking; sourceTree = BUILT_PRODUCTS_DIR; };
		913A1D131E3DFC8D00D1247E /* main.cpp */ = {isa = PBXFileReference; lastKnownFileType = sourcecode.cpp.cpp; path = main.cpp; sourceTree = "<group>"; };
/* End PBXFileReference section */

/* Begin PBXFrameworksBuildPhase section */
		913A1D0D1E3DFC8D00D1247E /* Frameworks */ = {
			isa = PBXFrameworksBuildPhase;
			buildActionMask = 2147483647;
			files = (
			);
			runOnlyForDeploymentPostprocessing = 0;
		};
/* End PBXFrameworksBuildPhase section */

/* Begin PBXGroup section */
		913A1D071E3DFC8D00D1247E = {
			isa = PBXGroup;
			children = (
				913A1D121E3DFC8D00D1247E /* CodeJamChecking */,
				913A1D111E3DFC8D00D1247E /* Products */,
			);
			sourceTree = "<group>";
		};
		913A1D111E3DFC8D00D1247E /* Products */ = {
			isa = PBXGroup;
			children = (
				913A1D101E3DFC8D00D1247E /* CodeJamChecking */,
			);
			name = Products;
			sourceTree = "<group>";
		};
		913A1D121E3DFC8D00D1247E /* CodeJamChecking */ = {
			isa = PBXGroup;
			children = (
				913A1D131E3DFC8D00D1247E /* main.cpp */,
			);
			path = CodeJamChecking;
			sourceTree = "<group>";
		};
/* End PBXGroup section */

/* Begin PBXNativeTarget section */
		913A1D0F1E3DFC8D00D1247E /* CodeJamChecking */ = {
			isa = PBXNativeTarget;
			buildConfigurationList = 913A1D171E3DFC8D00D1247E /* Build configuration list for PBXNativeTarget "CodeJamChecking" */;
			buildPhases = (
				913A1D0C1E3DFC8D00D1247E /* Sources */,
				913A1D0D1E3DFC8D00D1247E /* Frameworks */,
				913A1D0E1E3DFC8D00D1247E /* CopyFiles */,
			);
			buildRules = (
			);
			dependencies = (
			);
			name = CodeJamChecking;
			productName = CodeJamChecking;
			productReference = 913A1D101E3DFC8D00D1247E /* CodeJamChecking */;
			productType = "com.apple.product-type.tool";
		};
/* End PBXNativeTarget section */

/* Begin PBXProject section */
		913A1D081E3DFC8D00D1247E /* Project object */ = {
			isa = PBXProject;
			attributes = {
				LastUpgradeCheck = 0630;
				ORGANIZATIONNAME = "Shashank Saurabh";
				TargetAttributes = {
					913A1D0F1E3DFC8D00D1247E = {
						CreatedOnToolsVersion = 6.3.2;
					};
				};
			};
			buildConfigurationList = 913A1D0B1E3DFC8D00D1247E /* Build configuration list for PBXProject "CodeJamChecking" */;
			compatibilityVersion = "Xcode 3.2";
			developmentRegion = English;
			hasScannedForEncodings = 0;
			knownRegions = (
				en,
			);
			mainGroup = 913A1D071E3DFC8D00D1247E;
			productRefGroup = 913A1D111E3DFC8D00D1247E /* Products */;
			projectDirPath = "";
			projectRoot = "";
			targets = (
				913A1D0F1E3DFC8D00D1247E /* CodeJamChecking */,
			);
		};
/* End PBXProject section */

/* Begin PBXSourcesBuildPhase section */
		913A1D0C1E3DFC8D00D1247E /* Sources */ = {
			isa = PBXSourcesBuildPhase;
			buildActionMask = 2147483647;
			files = (
				913A1D141E3DFC8D00D1247E /* main.cpp in Sources */,
			);
			runOnlyForDeploymentPostprocessing = 0;
		};
/* End PBXSourcesBuildPhase section */

/* Begin XCBuildConfiguration section */
		913A1D151E3DFC8D00D1247E /* Debug */ = {
			isa = XCBuildConfiguration;
			buildSettings = {
				ALWAYS_SEARCH_USER_PATHS = NO;
				CLANG_CXX_LANGUAGE_STANDARD = "gnu++0x";
				CLANG_CXX_LIBRARY = "libc++";
				CLANG_ENABLE_MODULES = YES;
				CLANG_ENABLE_OBJC_ARC = YES;
				CLANG_WARN_BOOL_CONVERSION = YES;
				CLANG_WARN_CONSTANT_CONVERSION = YES;
				CLANG_WARN_DIRECT_OBJC_ISA_USAGE = YES_ERROR;
				CLANG_WARN_EMPTY_BODY = YES;
				CLANG_WARN_ENUM_CONVERSION = YES;
				CLANG_WARN_INT_CONVERSION = YES;
				CLANG_WARN_OBJC_ROOT_CLASS = YES_ERROR;
				CLANG_WARN_UNREACHABLE_CODE = YES;
				CLANG_WARN__DUPLICATE_METHOD_MATCH = YES;
				COPY_PHASE_STRIP = NO;
				DEBUG_INFORMATION_FORMAT = dwarf;
				ENABLE_STRICT_OBJC_MSGSEND = YES;
				GCC_C_LANGUAGE_STANDARD = gnu99;
				GCC_DYNAMIC_NO_PIC = NO;
				GCC_NO_COMMON_BLOCKS = YES;
				GCC_OPTIMIZATION_LEVEL = 0;
				GCC_PREPROCESSOR_DEFINITIONS = (
					"DEBUG=1",
					"$(inherited)",
				);
				GCC_SYMBOLS_PRIVATE_EXTERN = NO;
				GCC_WARN_64_TO_32_BIT_CONVERSION = YES;
				GCC_WARN_ABOUT_RETURN_TYPE = YES_ERROR;
				GCC_WARN_UNDECLARED_SELECTOR = YES;
				GCC_WARN_UNINITIALIZED_AUTOS = YES_AGGRESSIVE;
				GCC_WARN_UNUSED_FUNCTION = YES;
				GCC_WARN_UNUSED_VARIABLE = YES;
				MACOSX_DEPLOYMENT_TARGET = 10.10;
				MTL_ENABLE_DEBUG_INFO = YES;
				ONLY_ACTIVE_ARCH = YES;
				SDKROOT = macosx;
			};
			name = Debug;
		};
		913A1D161E3DFC8D00D1247E /* Release */ = {
			isa = XCBuildConfiguration;
			buildSettings = {
				ALWAYS_SEARCH_USER_PATHS = NO;
				CLANG_CXX_LANGUAGE_STANDARD = "gnu++0x";
				CLANG_CXX_LIBRARY = "libc++";
				CLANG_ENABLE_MODULES = YES;
				CLANG_ENABLE_OBJC_ARC = YES;
				CLANG_WARN_BOOL_CONVERSION = YES;
				CLANG_WARN_CONSTANT_CONVERSION = YES;
				CLANG_WARN_DIRECT_OBJC_ISA_USAGE = YES_ERROR;
				CLANG_WARN_EMPTY_BODY = YES;
				CLANG_WARN_ENUM_CONVERSION = YES;
				CLANG_WARN_INT_CONVERSION = YES;
				CLANG_WARN_OBJC_ROOT_CLASS = YES_ERROR;
				CLANG_WARN_UNREACHABLE_CODE = YES;
				CLANG_WARN__DUPLICATE_METHOD_MATCH = YES;
				COPY_PHASE_STRIP = NO;
				DEBUG_INFORMATION_FORMAT = "dwarf-with-dsym";
				ENABLE_NS_ASSERTIONS = NO;
				ENABLE_STRICT_OBJC_MSGSEND = YES;
				GCC_C_LANGUAGE_STANDARD = gnu99;
				GCC_NO_COMMON_BLOCKS = YES;
				GCC_WARN_64_TO_32_BIT_CONVERSION = YES;
				GCC_WARN_ABOUT_RETURN_TYPE = YES_ERROR;
				GCC_WARN_UNDECLARED_SELECTOR = YES;
				GCC_WARN_UNINITIALIZED_AUTOS = YES_AGGRESSIVE;
				GCC_WARN_UNUSED_FUNCTION = YES;
				GCC_WARN_UNUSED_VARIABLE = YES;
				MACOSX_DEPLOYMENT_TARGET = 10.10;
				MTL_ENABLE_DEBUG_INFO = NO;
				SDKROOT = macosx;
			};
			name = Release;
		};
		913A1D181E3DFC8D00D1247E /* Debug */ = {
			isa = XCBuildConfiguration;
			buildSettings = {
				PRODUCT_NAME = "$(TARGET_NAME)";
			};
			name = Debug;
		};
		913A1D191E3DFC8D00D1247E /* Release */ = {
			isa = XCBuildConfiguration;
			buildSettings = {
				PRODUCT_NAME = "$(TARGET_NAME)";
			};
			name = Release;
		};
/* End XCBuildConfiguration section */

/* Begin XCConfigurationList section */
		913A1D0B1E3DFC8D00D1247E /* Build configuration list for PBXProject "CodeJamChecking" */ = {
			isa = XCConfigurationList;
			buildConfigurations = (
				913A1D151E3DFC8D00D1247E /* Debug */,
				913A1D161E3DFC8D00D1247E /* Release */,
			);
			defaultConfigurationIsVisible = 0;
			defaultConfigurationName = Release;
		};
		913A1D171E3DFC8D00D1247E /* Build configuration list for PBXNativeTarget "CodeJamChecking" */ = {
			isa = XCConfigurationList;
			buildConfigurations = (
				913A1D181E3DFC8D00D1247E /* Debug */,
				913A1D191E3DFC8D00D1247E /* Release */,
			);
			defaultConfigurationIsVisible = 0;
		};
/* End XCConfigurationList section */
	};
	rootObject = 913A1D081E3DFC8D00D1247E /* Project object */;
}
